
Microsoft Visual Studio Solution File, Format Version 12.00
# Visual Studio Version 17
VisualStudioVersion = 17.3.32929.385
MinimumVisualStudioVersion = 10.0.40219.1
Project("{9A19103F-16F7-4668-BE54-9A1E7A4F7556}") = "Shared", "Shared\Shared.csproj", "{B0F0270A-0696-40D3-976D-CA1D1008C6C0}"
EndProject
Project("{9A19103F-16F7-4668-BE54-9A1E7A4F7556}") = "Participant", "Participant\Participant.csproj", "{43A31A78-9D0A-493E-A0F7-73D606732FD7}"
EndProject
Global
	GlobalSection(SolutionConfigurationPlatforms) = preSolution
		Debug|Any CPU = Debug|Any CPU
		Release|Any CPU = Release|Any CPU
	EndGlobalSection
	GlobalSection(ProjectConfigurationPlatforms) = postSolution
		{B0F0270A-0696-40D3-976D-CA1D1008C6C0}.Debug|Any CPU.ActiveCfg = Debug|Any CPU
		{B0F0270A-0696-40D3-976D-CA1D1008C6C0}.Debug|Any CPU.Build.0 = Debug|Any CPU
		{B0F0270A-0696-40D3-976D-CA1D1008C6C0}.Release|Any CPU.ActiveCfg = Release|Any CPU
		{B0F0270A-0696-40D3-976D-CA1D1008C6C0}.Release|Any CPU.Build.0 = Release|Any CPU
		{43A31A78-9D0A-493E-A0F7-73D606732FD7}.Debug|Any CPU.ActiveCfg = Debug|Any CPU
		{43A31A78-9D0A-493E-A0F7-73D606732FD7}.Debug|Any CPU.Build.0 = Debug|Any CPU
		{43A31A78-9D0A-493E-A0F7-73D606732FD7}.Release|Any CPU.ActiveCfg = Release|Any CPU
		{43A31A78-9D0A-493E-A0F7-73D606732FD7}.Release|Any CPU.Build.0 = Release|Any CPU
	EndGlobalSection
	GlobalSection(SolutionProperties) = preSolution
		HideSolutionNode = FALSE
	EndGlobalSection
	GlobalSection(ExtensibilityGlobals) = postSolution
		SolutionGuid = {7613C88A-2DFA-49B9-ACBB-C7F4FD171D37}
	EndGlobalSection
EndGlobal
